
Microsoft Visual Studio Solution File, Format Version 12.00
# Visual Studio Version 16
VisualStudioVersion = 16.0.29806.167
MinimumVisualStudioVersion = 10.0.40219.1
Project("{FAE04EC0-301F-11D3-BF4B-00C04F79EFBC}") = "API", "API\API.csproj", "{28F9CF46-F241-464D-BB05-59AA5C930CBE}"
EndProject
Project("{FAE04EC0-301F-11D3-BF4B-00C04F79EFBC}") = "Backend", "Backend\Backend.csproj", "{E9B3C6A7-B5E6-43CE-8F80-EC014FB95FA2}"
EndProject
Global
	GlobalSection(SolutionConfigurationPlatforms) = preSolution
		Debug|Any CPU = Debug|Any CPU
		Release|Any CPU = Release|Any CPU
	EndGlobalSection
	GlobalSection(ProjectConfigurationPlatforms) = postSolution
		{28F9CF46-F241-464D-BB05-59AA5C930CBE}.Debug|Any CPU.ActiveCfg = Debug|Any CPU
		{28F9CF46-F241-464D-BB05-59AA5C930CBE}.Debug|Any CPU.Build.0 = Debug|Any CPU
		{28F9CF46-F241-464D-BB05-59AA5C930CBE}.Release|Any CPU.ActiveCfg = Release|Any CPU
		{28F9CF46-F241-464D-BB05-59AA5C930CBE}.Release|Any CPU.Build.0 = Release|Any CPU
		{E9B3C6A7-B5E6-43CE-8F80-EC014FB95FA2}.Debug|Any CPU.ActiveCfg = Debug|Any CPU
		{E9B3C6A7-B5E6-43CE-8F80-EC014FB95FA2}.Debug|Any CPU.Build.0 = Debug|Any CPU
		{E9B3C6A7-B5E6-43CE-8F80-EC014FB95FA2}.Release|Any CPU.ActiveCfg = Release|Any CPU
		{E9B3C6A7-B5E6-43CE-8F80-EC014FB95FA2}.Release|Any CPU.Build.0 = Release|Any CPU
	EndGlobalSection
	GlobalSection(SolutionProperties) = preSolution
		HideSolutionNode = FALSE
	EndGlobalSection
	GlobalSection(ExtensibilityGlobals) = postSolution
		SolutionGuid = {66667388-F70E-4936-9B9D-07869CEE81E1}
	EndGlobalSection
EndGlobal
